<Solution>
  <Configurations>
    <Platform Name="Any CPU" />
    <Platform Name="x64" />
    <Platform Name="x86" />
  </Configurations>
  <Project Path="Api/Api.csproj" />
  <Project Path="Application/Application.csproj" />
  <Project Path="Infrastructure/Infrastructure.csproj" />
  <Project Path="IntegrationTests/IntegrationTests.csproj" />
  <Project Path="UnitTests/UnitTests.csproj" />
</Solution>
