
Microsoft Visual Studio Solution File, Format Version 12.00
# Visual Studio Version 17
VisualStudioVersion = 17.0.31903.59
MinimumVisualStudioVersion = 10.0.40219.1
Project("{FAE04EC0-301F-11D3-BF4B-00C04F79EFBC}") = "Api", "Api\Api.csproj", "{9DC69D4B-B974-4335-B544-4CBA3228BF73}"
EndProject
Project("{FAE04EC0-301F-11D3-BF4B-00C04F79EFBC}") = "Application", "Application\Application.csproj", "{52AC6C10-1F3C-4752-A63B-6EF80E2EB302}"
EndProject
Project("{FAE04EC0-301F-11D3-BF4B-00C04F79EFBC}") = "Infrastructure", "Infrastructure\Infrastructure.csproj", "{6B0A78AF-6EAD-4392-A626-93F26DDA509E}"
EndProject
Project("{FAE04EC0-301F-11D3-BF4B-00C04F79EFBC}") = "UnitTests", "UnitTests\UnitTests.csproj", "{F7ECCCA9-7033-4A29-8C10-094B16B955E2}"
EndProject
Project("{FAE04EC0-301F-11D3-BF4B-00C04F79EFBC}") = "IntegrationTests", "IntegrationTests\IntegrationTests.csproj", "{EA5DCFC4-7C2E-472C-895B-806A85E6A273}"
EndProject
Global
	GlobalSection(SolutionConfigurationPlatforms) = preSolution
		Debug|Any CPU = Debug|Any CPU
		Debug|x64 = Debug|x64
		Debug|x86 = Debug|x86
		Release|Any CPU = Release|Any CPU
		Release|x64 = Release|x64
		Release|x86 = Release|x86
	EndGlobalSection
	GlobalSection(ProjectConfigurationPlatforms) = postSolution
		{9DC69D4B-B974-4335-B544-4CBA3228BF73}.Debug|Any CPU.ActiveCfg = Debug|Any CPU
		{9DC69D4B-B974-4335-B544-4CBA3228BF73}.Debug|Any CPU.Build.0 = Debug|Any CPU
		{9DC69D4B-B974-4335-B544-4CBA3228BF73}.Debug|x64.ActiveCfg = Debug|Any CPU
		{9DC69D4B-B974-4335-B544-4CBA3228BF73}.Debug|x64.Build.0 = Debug|Any CPU
		{9DC69D4B-B974-4335-B544-4CBA3228BF73}.Debug|x86.ActiveCfg = Debug|Any CPU
		{9DC69D4B-B974-4335-B544-4CBA3228BF73}.Debug|x86.Build.0 = Debug|Any CPU
		{9DC69D4B-B974-4335-B544-4CBA3228BF73}.Release|Any CPU.ActiveCfg = Release|Any CPU
		{9DC69D4B-B974-4335-B544-4CBA3228BF73}.Release|Any CPU.Build.0 = Release|Any CPU
		{9DC69D4B-B974-4335-B544-4CBA3228BF73}.Release|x64.ActiveCfg = Release|Any CPU
		{9DC69D4B-B974-4335-B544-4CBA3228BF73}.Release|x64.Build.0 = Release|Any CPU
		{9DC69D4B-B974-4335-B544-4CBA3228BF73}.Release|x86.ActiveCfg = Release|Any CPU
		{9DC69D4B-B974-4335-B544-4CBA3228BF73}.Release|x86.Build.0 = Release|Any CPU
		{52AC6C10-1F3C-4752-A63B-6EF80E2EB302}.Debug|Any CPU.ActiveCfg = Debug|Any CPU
		{52AC6C10-1F3C-4752-A63B-6EF80E2EB302}.Debug|Any CPU.Build.0 = Debug|Any CPU
		{52AC6C10-1F3C-4752-A63B-6EF80E2EB302}.Debug|x64.ActiveCfg = Debug|Any CPU
		{52AC6C10-1F3C-4752-A63B-6EF80E2EB302}.Debug|x64.Build.0 = Debug|Any CPU
		{52AC6C10-1F3C-4752-A63B-6EF80E2EB302}.Debug|x86.ActiveCfg = Debug|Any CPU
		{52AC6C10-1F3C-4752-A63B-6EF80E2EB302}.Debug|x86.Build.0 = Debug|Any CPU
		{52AC6C10-1F3C-4752-A63B-6EF80E2EB302}.Release|Any CPU.ActiveCfg = Release|Any CPU
		{52AC6C10-1F3C-4752-A63B-6EF80E2EB302}.Release|Any CPU.Build.0 = Release|Any CPU
		{52AC6C10-1F3C-4752-A63B-6EF80E2EB302}.Release|x64.ActiveCfg = Release|Any CPU
		{52AC6C10-1F3C-4752-A63B-6EF80E2EB302}.Release|x64.Build.0 = Release|Any CPU
		{52AC6C10-1F3C-4752-A63B-6EF80E2EB302}.Release|x86.ActiveCfg = Release|Any CPU
		{52AC6C10-1F3C-4752-A63B-6EF80E2EB302}.Release|x86.Build.0 = Release|Any CPU
		{6B0A78AF-6EAD-4392-A626-93F26DDA509E}.Debug|Any CPU.ActiveCfg = Debug|Any CPU
		{6B0A78AF-6EAD-4392-A626-93F26DDA509E}.Debug|Any CPU.Build.0 = Debug|Any CPU
		{6B0A78AF-6EAD-4392-A626-93F26DDA509E}.Debug|x64.ActiveCfg = Debug|Any CPU
		{6B0A78AF-6EAD-4392-A626-93F26DDA509E}.Debug|x64.Build.0 = Debug|Any CPU
		{6B0A78AF-6EAD-4392-A626-93F26DDA509E}.Debug|x86.ActiveCfg = Debug|Any CPU
		{6B0A78AF-6EAD-4392-A626-93F26DDA509E}.Debug|x86.Build.0 = Debug|Any CPU
		{6B0A78AF-6EAD-4392-A626-93F26DDA509E}.Release|Any CPU.ActiveCfg = Release|Any CPU
		{6B0A78AF-6EAD-4392-A626-93F26DDA509E}.Release|Any CPU.Build.0 = Release|Any CPU
		{6B0A78AF-6EAD-4392-A626-93F26DDA509E}.Release|x64.ActiveCfg = Release|Any CPU
		{6B0A78AF-6EAD-4392-A626-93F26DDA509E}.Release|x64.Build.0 = Release|Any CPU
		{6B0A78AF-6EAD-4392-A626-93F26DDA509E}.Release|x86.ActiveCfg = Release|Any CPU
		{6B0A78AF-6EAD-4392-A626-93F26DDA509E}.Release|x86.Build.0 = Release|Any CPU
		{F7ECCCA9-7033-4A29-8C10-094B16B955E2}.Debug|Any CPU.ActiveCfg = Debug|Any CPU
		{F7ECCCA9-7033-4A29-8C10-094B16B955E2}.Debug|Any CPU.Build.0 = Debug|Any CPU
		{F7ECCCA9-7033-4A29-8C10-094B16B955E2}.Debug|x64.ActiveCfg = Debug|Any CPU
		{F7ECCCA9-7033-4A29-8C10-094B16B955E2}.Debug|x64.Build.0 = Debug|Any CPU
		{F7ECCCA9-7033-4A29-8C10-094B16B955E2}.Debug|x86.ActiveCfg = Debug|Any CPU
		{F7ECCCA9-7033-4A29-8C10-094B16B955E2}.Debug|x86.Build.0 = Debug|Any CPU
		{F7ECCCA9-7033-4A29-8C10-094B16B955E2}.Release|Any CPU.ActiveCfg = Release|Any CPU
		{F7ECCCA9-7033-4A29-8C10-094B16B955E2}.Release|Any CPU.Build.0 = Release|Any CPU
		{F7ECCCA9-7033-4A29-8C10-094B16B955E2}.Release|x64.ActiveCfg = Release|Any CPU
		{F7ECCCA9-7033-4A29-8C10-094B16B955E2}.Release|x64.Build.0 = Release|Any CPU
		{F7ECCCA9-7033-4A29-8C10-094B16B955E2}.Release|x86.ActiveCfg = Release|Any CPU
		{F7ECCCA9-7033-4A29-8C10-094B16B955E2}.Release|x86.Build.0 = Release|Any CPU
		{EA5DCFC4-7C2E-472C-895B-806A85E6A273}.Debug|Any CPU.ActiveCfg = Debug|Any CPU
		{EA5DCFC4-7C2E-472C-895B-806A85E6A273}.Debug|Any CPU.Build.0 = Debug|Any CPU
		{EA5DCFC4-7C2E-472C-895B-806A85E6A273}.Debug|x64.ActiveCfg = Debug|Any CPU
		{EA5DCFC4-7C2E-472C-895B-806A85E6A273}.Debug|x64.Build.0 = Debug|Any CPU
		{EA5DCFC4-7C2E-472C-895B-806A85E6A273}.Debug|x86.ActiveCfg = Debug|Any CPU
		{EA5DCFC4-7C2E-472C-895B-806A85E6A273}.Debug|x86.Build.0 = Debug|Any CPU
		{EA5DCFC4-7C2E-472C-895B-806A85E6A273}.Release|Any CPU.ActiveCfg = Release|Any CPU
		{EA5DCFC4-7C2E-472C-895B-806A85E6A273}.Release|Any CPU.Build.0 = Release|Any CPU
		{EA5DCFC4-7C2E-472C-895B-806A85E6A273}.Release|x64.ActiveCfg = Release|Any CPU
		{EA5DCFC4-7C2E-472C-895B-806A85E6A273}.Release|x64.Build.0 = Release|Any CPU
		{EA5DCFC4-7C2E-472C-895B-806A85E6A273}.Release|x86.ActiveCfg = Release|Any CPU
		{EA5DCFC4-7C2E-472C-895B-806A85E6A273}.Release|x86.Build.0 = Release|Any CPU
	EndGlobalSection
	GlobalSection(SolutionProperties) = preSolution
		HideSolutionNode = FALSE
	EndGlobalSection
EndGlobal
